
Microsoft Visual Studio Solution File, Format Version 12.00
# Visual Studio Version 17
VisualStudioVersion = 17.9.34728.123
MinimumVisualStudioVersion = 10.0.40219.1
Project("{9A19103F-16F7-4668-BE54-9A1E7A4F7556}") = "SCH.API", "SCH.API\SCH.API.csproj", "{B4CE7DFF-9E7E-47E0-87F5-C66DEB4AD8E5}"
	ProjectSection(ProjectDependencies) = postProject
		{9D1CBF13-FFCF-4245-B04A-3E1503699A6E} = {9D1CBF13-FFCF-4245-B04A-3E1503699A6E}
		{A9B261D8-19E2-4A52-BC50-3016254D146D} = {A9B261D8-19E2-4A52-BC50-3016254D146D}
		{AB6CF150-A765-4A62-B957-5DC6F2D8BF7F} = {AB6CF150-A765-4A62-B957-5DC6F2D8BF7F}
		{EC80F61B-1D9B-4038-97E6-3488B9946EAA} = {EC80F61B-1D9B-4038-97E6-3488B9946EAA}
	EndProjectSection
EndProject
Project("{9A19103F-16F7-4668-BE54-9A1E7A4F7556}") = "SCH.Core", "SCH.Core\SCH.Core.csproj", "{EC80F61B-1D9B-4038-97E6-3488B9946EAA}"
	ProjectSection(ProjectDependencies) = postProject
		{1F854EBE-367B-477B-B195-282E0C381A7B} = {1F854EBE-367B-477B-B195-282E0C381A7B}
		{A9B261D8-19E2-4A52-BC50-3016254D146D} = {A9B261D8-19E2-4A52-BC50-3016254D146D}
		{AB6CF150-A765-4A62-B957-5DC6F2D8BF7F} = {AB6CF150-A765-4A62-B957-5DC6F2D8BF7F}
		{B9F93020-9B3D-463A-9D24-B2D94CD90AF2} = {B9F93020-9B3D-463A-9D24-B2D94CD90AF2}
	EndProjectSection
EndProject
Project("{9A19103F-16F7-4668-BE54-9A1E7A4F7556}") = "SCH.Mappings", "SCH.Mappings\SCH.Mappings.csproj", "{B9F93020-9B3D-463A-9D24-B2D94CD90AF2}"
	ProjectSection(ProjectDependencies) = postProject
		{9D1CBF13-FFCF-4245-B04A-3E1503699A6E} = {9D1CBF13-FFCF-4245-B04A-3E1503699A6E}
	EndProjectSection
EndProject
Project("{9A19103F-16F7-4668-BE54-9A1E7A4F7556}") = "SCH.Models", "SCH.Models\SCH.Models.csproj", "{9D1CBF13-FFCF-4245-B04A-3E1503699A6E}"
	ProjectSection(ProjectDependencies) = postProject
		{AB6CF150-A765-4A62-B957-5DC6F2D8BF7F} = {AB6CF150-A765-4A62-B957-5DC6F2D8BF7F}
	EndProjectSection
EndProject
Project("{9A19103F-16F7-4668-BE54-9A1E7A4F7556}") = "SCH.Repositories", "SCH.Repositories\SCH.Repositories.csproj", "{1F854EBE-367B-477B-B195-282E0C381A7B}"
	ProjectSection(ProjectDependencies) = postProject
		{9D1CBF13-FFCF-4245-B04A-3E1503699A6E} = {9D1CBF13-FFCF-4245-B04A-3E1503699A6E}
		{AB6CF150-A765-4A62-B957-5DC6F2D8BF7F} = {AB6CF150-A765-4A62-B957-5DC6F2D8BF7F}
	EndProjectSection
EndProject
Project("{9A19103F-16F7-4668-BE54-9A1E7A4F7556}") = "SCH.Services", "SCH.Services\SCH.Services.csproj", "{A9B261D8-19E2-4A52-BC50-3016254D146D}"
	ProjectSection(ProjectDependencies) = postProject
		{1F854EBE-367B-477B-B195-282E0C381A7B} = {1F854EBE-367B-477B-B195-282E0C381A7B}
		{9D1CBF13-FFCF-4245-B04A-3E1503699A6E} = {9D1CBF13-FFCF-4245-B04A-3E1503699A6E}
		{AB6CF150-A765-4A62-B957-5DC6F2D8BF7F} = {AB6CF150-A765-4A62-B957-5DC6F2D8BF7F}
	EndProjectSection
EndProject
Project("{9A19103F-16F7-4668-BE54-9A1E7A4F7556}") = "SCH.Shared", "SCH.Shared\SCH.Shared.csproj", "{AB6CF150-A765-4A62-B957-5DC6F2D8BF7F}"
EndProject
Project("{9A19103F-16F7-4668-BE54-9A1E7A4F7556}") = "SCH.Tests", "SCH.Tests\SCH.Tests.csproj", "{45BEA9E4-1829-4245-9029-15333156A1CF}"
	ProjectSection(ProjectDependencies) = postProject
		{9D1CBF13-FFCF-4245-B04A-3E1503699A6E} = {9D1CBF13-FFCF-4245-B04A-3E1503699A6E}
		{A9B261D8-19E2-4A52-BC50-3016254D146D} = {A9B261D8-19E2-4A52-BC50-3016254D146D}
		{B4CE7DFF-9E7E-47E0-87F5-C66DEB4AD8E5} = {B4CE7DFF-9E7E-47E0-87F5-C66DEB4AD8E5}
	EndProjectSection
EndProject
Global
	GlobalSection(SolutionConfigurationPlatforms) = preSolution
		Debug|Any CPU = Debug|Any CPU
		Release|Any CPU = Release|Any CPU
	EndGlobalSection
	GlobalSection(ProjectConfigurationPlatforms) = postSolution
		{B4CE7DFF-9E7E-47E0-87F5-C66DEB4AD8E5}.Debug|Any CPU.ActiveCfg = Debug|Any CPU
		{B4CE7DFF-9E7E-47E0-87F5-C66DEB4AD8E5}.Debug|Any CPU.Build.0 = Debug|Any CPU
		{B4CE7DFF-9E7E-47E0-87F5-C66DEB4AD8E5}.Release|Any CPU.ActiveCfg = Release|Any CPU
		{B4CE7DFF-9E7E-47E0-87F5-C66DEB4AD8E5}.Release|Any CPU.Build.0 = Release|Any CPU
		{EC80F61B-1D9B-4038-97E6-3488B9946EAA}.Debug|Any CPU.ActiveCfg = Debug|Any CPU
		{EC80F61B-1D9B-4038-97E6-3488B9946EAA}.Debug|Any CPU.Build.0 = Debug|Any CPU
		{EC80F61B-1D9B-4038-97E6-3488B9946EAA}.Release|Any CPU.ActiveCfg = Release|Any CPU
		{EC80F61B-1D9B-4038-97E6-3488B9946EAA}.Release|Any CPU.Build.0 = Release|Any CPU
		{B9F93020-9B3D-463A-9D24-B2D94CD90AF2}.Debug|Any CPU.ActiveCfg = Debug|Any CPU
		{B9F93020-9B3D-463A-9D24-B2D94CD90AF2}.Debug|Any CPU.Build.0 = Debug|Any CPU
		{B9F93020-9B3D-463A-9D24-B2D94CD90AF2}.Release|Any CPU.ActiveCfg = Release|Any CPU
		{B9F93020-9B3D-463A-9D24-B2D94CD90AF2}.Release|Any CPU.Build.0 = Release|Any CPU
		{9D1CBF13-FFCF-4245-B04A-3E1503699A6E}.Debug|Any CPU.ActiveCfg = Debug|Any CPU
		{9D1CBF13-FFCF-4245-B04A-3E1503699A6E}.Debug|Any CPU.Build.0 = Debug|Any CPU
		{9D1CBF13-FFCF-4245-B04A-3E1503699A6E}.Release|Any CPU.ActiveCfg = Release|Any CPU
		{9D1CBF13-FFCF-4245-B04A-3E1503699A6E}.Release|Any CPU.Build.0 = Release|Any CPU
		{1F854EBE-367B-477B-B195-282E0C381A7B}.Debug|Any CPU.ActiveCfg = Debug|Any CPU
		{1F854EBE-367B-477B-B195-282E0C381A7B}.Debug|Any CPU.Build.0 = Debug|Any CPU
		{1F854EBE-367B-477B-B195-282E0C381A7B}.Release|Any CPU.ActiveCfg = Release|Any CPU
		{1F854EBE-367B-477B-B195-282E0C381A7B}.Release|Any CPU.Build.0 = Release|Any CPU
		{A9B261D8-19E2-4A52-BC50-3016254D146D}.Debug|Any CPU.ActiveCfg = Debug|Any CPU
		{A9B261D8-19E2-4A52-BC50-3016254D146D}.Debug|Any CPU.Build.0 = Debug|Any CPU
		{A9B261D8-19E2-4A52-BC50-3016254D146D}.Release|Any CPU.ActiveCfg = Release|Any CPU
		{A9B261D8-19E2-4A52-BC50-3016254D146D}.Release|Any CPU.Build.0 = Release|Any CPU
		{AB6CF150-A765-4A62-B957-5DC6F2D8BF7F}.Debug|Any CPU.ActiveCfg = Debug|Any CPU
		{AB6CF150-A765-4A62-B957-5DC6F2D8BF7F}.Debug|Any CPU.Build.0 = Debug|Any CPU
		{AB6CF150-A765-4A62-B957-5DC6F2D8BF7F}.Release|Any CPU.ActiveCfg = Release|Any CPU
		{AB6CF150-A765-4A62-B957-5DC6F2D8BF7F}.Release|Any CPU.Build.0 = Release|Any CPU
		{45BEA9E4-1829-4245-9029-15333156A1CF}.Debug|Any CPU.ActiveCfg = Debug|Any CPU
		{45BEA9E4-1829-4245-9029-15333156A1CF}.Debug|Any CPU.Build.0 = Debug|Any CPU
		{45BEA9E4-1829-4245-9029-15333156A1CF}.Release|Any CPU.ActiveCfg = Release|Any CPU
		{45BEA9E4-1829-4245-9029-15333156A1CF}.Release|Any CPU.Build.0 = Release|Any CPU
	EndGlobalSection
	GlobalSection(SolutionProperties) = preSolution
		HideSolutionNode = FALSE
	EndGlobalSection
	GlobalSection(ExtensibilityGlobals) = postSolution
		SolutionGuid = {32D2E5D1-E9AC-4363-8D7C-6B20D5F73592}
	EndGlobalSection
EndGlobal
